
Microsoft Visual Studio Solution File, Format Version 12.00
# Visual Studio Version 17
VisualStudioVersion = 17.1.32210.238
MinimumVisualStudioVersion = 10.0.40219.1
Project("{9A19103F-16F7-4668-BE54-9A1E7A4F7556}") = "CourseProject", "CourseProject.csproj", "{93C571CC-25EA-4429-8515-FEE51BB5BE4A}"
EndProject
Project("{9A19103F-16F7-4668-BE54-9A1E7A4F7556}") = "Task3", "..\..\..\JS\Task3\Task3\Task3.csproj", "{D8326CBC-2C69-496D-B583-44FDD9F4AD7B}"
EndProject
Global
	GlobalSection(SolutionConfigurationPlatforms) = preSolution
		Debug|Any CPU = Debug|Any CPU
		Release|Any CPU = Release|Any CPU
	EndGlobalSection
	GlobalSection(ProjectConfigurationPlatforms) = postSolution
		{93C571CC-25EA-4429-8515-FEE51BB5BE4A}.Debug|Any CPU.ActiveCfg = Debug|Any CPU
		{93C571CC-25EA-4429-8515-FEE51BB5BE4A}.Debug|Any CPU.Build.0 = Debug|Any CPU
		{93C571CC-25EA-4429-8515-FEE51BB5BE4A}.Release|Any CPU.ActiveCfg = Release|Any CPU
		{93C571CC-25EA-4429-8515-FEE51BB5BE4A}.Release|Any CPU.Build.0 = Release|Any CPU
		{D8326CBC-2C69-496D-B583-44FDD9F4AD7B}.Debug|Any CPU.ActiveCfg = Debug|Any CPU
		{D8326CBC-2C69-496D-B583-44FDD9F4AD7B}.Debug|Any CPU.Build.0 = Debug|Any CPU
		{D8326CBC-2C69-496D-B583-44FDD9F4AD7B}.Release|Any CPU.ActiveCfg = Release|Any CPU
		{D8326CBC-2C69-496D-B583-44FDD9F4AD7B}.Release|Any CPU.Build.0 = Release|Any CPU
	EndGlobalSection
	GlobalSection(SolutionProperties) = preSolution
		HideSolutionNode = FALSE
	EndGlobalSection
	GlobalSection(ExtensibilityGlobals) = postSolution
		SolutionGuid = {22D1691F-EDD4-473D-BB8F-94FDF5AB6D8A}
	EndGlobalSection
EndGlobal
